
Microsoft Visual Studio Solution File, Format Version 12.00
# Visual Studio Version 16
VisualStudioVersion = 16.0.28822.285
MinimumVisualStudioVersion = 10.0.40219.1
Project("{9A19103F-16F7-4668-BE54-9A1E7A4F7556}") = "API", "API\API.csproj", "{D56635AD-8F22-4235-BC41-A38A93A7E092}"
EndProject
Project("{9A19103F-16F7-4668-BE54-9A1E7A4F7556}") = "WorlflowOptimizationModelsLibrary", "WorlflowOptimizationModelsLibrary\WorlflowOptimizationModelsLibrary.csproj", "{71EAC503-DD87-4FA3-9FBF-E1C747147AF6}"
EndProject
Project("{FAE04EC0-301F-11D3-BF4B-00C04F79EFBC}") = "WebView", "WebView\WebView.csproj", "{8E64092C-ECC1-4E30-9513-A61190B90C90}"
EndProject
Global
	GlobalSection(SolutionConfigurationPlatforms) = preSolution
		Debug|Any CPU = Debug|Any CPU
		Release|Any CPU = Release|Any CPU
	EndGlobalSection
	GlobalSection(ProjectConfigurationPlatforms) = postSolution
		{D56635AD-8F22-4235-BC41-A38A93A7E092}.Debug|Any CPU.ActiveCfg = Debug|Any CPU
		{D56635AD-8F22-4235-BC41-A38A93A7E092}.Debug|Any CPU.Build.0 = Debug|Any CPU
		{D56635AD-8F22-4235-BC41-A38A93A7E092}.Release|Any CPU.ActiveCfg = Release|Any CPU
		{D56635AD-8F22-4235-BC41-A38A93A7E092}.Release|Any CPU.Build.0 = Release|Any CPU
		{71EAC503-DD87-4FA3-9FBF-E1C747147AF6}.Debug|Any CPU.ActiveCfg = Debug|Any CPU
		{71EAC503-DD87-4FA3-9FBF-E1C747147AF6}.Debug|Any CPU.Build.0 = Debug|Any CPU
		{71EAC503-DD87-4FA3-9FBF-E1C747147AF6}.Release|Any CPU.ActiveCfg = Release|Any CPU
		{71EAC503-DD87-4FA3-9FBF-E1C747147AF6}.Release|Any CPU.Build.0 = Release|Any CPU
		{8E64092C-ECC1-4E30-9513-A61190B90C90}.Debug|Any CPU.ActiveCfg = Debug|Any CPU
		{8E64092C-ECC1-4E30-9513-A61190B90C90}.Debug|Any CPU.Build.0 = Debug|Any CPU
		{8E64092C-ECC1-4E30-9513-A61190B90C90}.Release|Any CPU.ActiveCfg = Release|Any CPU
		{8E64092C-ECC1-4E30-9513-A61190B90C90}.Release|Any CPU.Build.0 = Release|Any CPU
	EndGlobalSection
	GlobalSection(SolutionProperties) = preSolution
		HideSolutionNode = FALSE
	EndGlobalSection
	GlobalSection(ExtensibilityGlobals) = postSolution
		SolutionGuid = {C4DE5B0C-E6A3-4256-BE4D-58A3924EC6E2}
	EndGlobalSection
EndGlobal
